{
  "version": "5",
  "redirects": {
    "https://esm.sh/@supabase/supabase-js@2": "https://esm.sh/@supabase/supabase-js@2.110.7",
    "https://esm.sh/iceberg-js@^0.8.1?target=denonext": "https://esm.sh/iceberg-js@0.8.1?target=denonext"
  },
  "remote": {
    "https://deno.land/std@0.168.0/async/abortable.ts": "80b2ac399f142cc528f95a037a7d0e653296352d95c681e284533765961de409",
    "https://deno.land/std@0.168.0/async/deadline.ts": "2c2deb53c7c28ca1dda7a3ad81e70508b1ebc25db52559de6b8636c9278fd41f",
    "https://deno.land/std@0.168.0/async/debounce.ts": "60301ffb37e730cd2d6f9dadfd0ecb2a38857681bd7aaf6b0a106b06e5210a98",
    "https://deno.land/std@0.168.0/async/deferred.ts": "77d3f84255c3627f1cc88699d8472b664d7635990d5358c4351623e098e917d6",
    "https://deno.land/std@0.168.0/async/delay.ts": "5a9bfba8de38840308a7a33786a0155a7f6c1f7a859558ddcec5fe06e16daf57",
    "https://deno.land/std@0.168.0/async/mod.ts": "7809ad4bb223e40f5fdc043e5c7ca04e0e25eed35c32c3c32e28697c553fa6d9",
    "https://deno.land/std@0.168.0/async/mux_async_iterator.ts": "770a0ff26c59f8bbbda6b703a2235f04e379f73238e8d66a087edc68c2a2c35f",
    "https://deno.land/std@0.168.0/async/pool.ts": "6854d8cd675a74c73391c82005cbbe4cc58183bddcd1fbbd7c2bcda42b61cf69",
    "https://deno.land/std@0.168.0/async/retry.ts": "e8e5173623915bbc0ddc537698fa418cf875456c347eda1ed453528645b42e67",
    "https://deno.land/std@0.168.0/async/tee.ts": "3a47cc4e9a940904fd4341f0224907e199121c80b831faa5ec2b054c6d2eff5e",
    "https://deno.land/std@0.168.0/http/server.ts": "e99c1bee8a3f6571ee4cdeb2966efad465b8f6fe62bec1bdb59c1f007cc4d155",
    "https://esm.sh/@supabase/auth-js@2.110.7/denonext/auth-js.mjs": "675563b3b57eb40e72e96b6b646acf765e27e149c2f34f97a2db073b91cfd153",
    "https://esm.sh/@supabase/functions-js@2.110.7/denonext/functions-js.mjs": "5cf2a59c4bf78328d5159cb6cf988e5b014f92f97838acc1907b8f6b1a156db3",
    "https://esm.sh/@supabase/phoenix@0.4.5/denonext/phoenix.mjs": "40bd2a70829cd847848baac58e635bacd83fd62188f6624b44e2c295341004eb",
    "https://esm.sh/@supabase/postgrest-js@2.110.7/denonext/postgrest-js.mjs": "562929bdb0bd01441ab31b54211caeef324f8d8b0b2233e70edcb54dab96052d",
    "https://esm.sh/@supabase/realtime-js@2.110.7/denonext/realtime-js.mjs": "e92fecef4aafa7d49738fa1c335c478193f92dcc28e68912c69a6e108b24ef21",
    "https://esm.sh/@supabase/storage-js@2.110.7/denonext/storage-js.mjs": "7ba5bbdb4ea3bcdcec649d76fcc4329522e3cd5bd2fa7881f85bdc9bcc84756f",
    "https://esm.sh/@supabase/supabase-js@2.110.7": "271bd1acce2a284be1c9539bc960a705314a71a322a88705f0ffce88f9e7b97c",
    "https://esm.sh/@supabase/supabase-js@2.110.7/denonext/supabase-js.mjs": "79a96eb9841c9939e760e22ddbe3892825f98d1904a56ec971ab90ff4d287d64",
    "https://esm.sh/iceberg-js@0.8.1/denonext/iceberg-js.mjs": "d839d81a2e3966500ca2cdd0c1cb458e9608bacfc91f7bb67a69b2e878dcdb4f",
    "https://esm.sh/iceberg-js@0.8.1?target=denonext": "58c849d7fe2bf4eca4a84eb501e83c161a7d8c34ca1bec15a962b3bec3062633",
    "https://esm.sh/tslib@2.8.1/denonext/tslib.mjs": "c38da5dd6da6281964435002ce204cd586634fe3bdfb24a0ee116f48cf3292e9"
  },
  "workspace": {
    "packageJson": {
      "dependencies": [
        "npm:@supabase/supabase-js@^2.111.0",
        "npm:dotenv@^17.4.2",
        "npm:pg@^8.22.0",
        "npm:web-push@^3.6.7"
      ]
    }
  }
}
